<?xml version="1.0" encoding="utf-8"?>
<Project ToolsVersion="4.0" xmlns="http://schemas.microsoft.com/developer/msbuild/2003">
  <ItemGroup>
    <ClCompile Include="Main.cpp" />
    <ClCompile Include="MainGame.cpp" />
    <ClCompile Include="stdafx.cpp" />
    <ClCompile Include="Materials\ColorMaterial.cpp" />
    <ClCompile Include="Materials\DiffuseMaterial.cpp" />
    <ClCompile Include="Materials\UberMaterial.cpp" />
    <ClCompile Include="Materials\SpikyMaterial.cpp" />
    <ClCompile Include="Prefabs\BoneObject.cpp" />
    <ClCompile Include="Materials\DiffuseMaterial_Skinned.cpp" />
    <ClCompile Include="Bomberman\Character.cpp" />
    <ClCompile Include="Materials\Shadow\DiffuseMaterial_Shadow.cpp" />
    <ClCompile Include="Materials\Shadow\DiffuseMaterial_Shadow_Skinned.cpp" />
    <ClCompile Include="Scenes\BombermanScene.cpp" />
    <ClCompile Include="Materials\Shadow\ColorMaterial_Shadow_Skinned.cpp" />
    <ClCompile Include="Materials\Shadow\ColorMaterial_Shadow.cpp" />
    <ClCompile Include="Bomberman\Grid.cpp" />
    <ClCompile Include="Bomberman\Bomb.cpp" />
    <ClCompile Include="Bomberman\Fire.cpp" />
    <ClCompile Include="Materials\Post\PostBlur.cpp" />
    <ClCompile Include="Materials\Post\PostChromaticAberration.cpp" />
    <ClCompile Include="Materials\Post\PostGrayscale.cpp" />
    <ClCompile Include="Bomberman\Cube.cpp" />
    <ClCompile Include="Bomberman\PickUp.cpp" />
    <ClCompile Include="Scenes\MainMenuScene.cpp" />
    <ClCompile Include="Bomberman\PlayerJoinIcon.cpp" />
    <ClCompile Include="Bomberman\PlayerGameIcon.cpp" />
    <ClCompile Include="Scenes\JoinMenuScene.cpp" />
    <ClCompile Include="Scenes\PauseScene.cpp" />
    <ClCompile Include="Scenes\EndScene.cpp" />
  </ItemGroup>
  <ItemGroup>
    <ClInclude Include="MainGame.h" />
    <ClInclude Include="stdafx.h" />
    <ClInclude Include="Materials\ColorMaterial.h" />
    <ClInclude Include="Materials\DiffuseMaterial.h" />
    <ClInclude Include="Materials\UberMaterial.h" />
    <ClInclude Include="Materials\SpikyMaterial.h" />
    <ClInclude Include="Prefabs\BoneObject.h" />
    <ClInclude Include="Materials\DiffuseMaterial_Skinned.h" />
    <ClInclude Include="Bomberman\Character.h" />
    <ClInclude Include="Materials\Shadow\DiffuseMaterial_Shadow.h" />
    <ClInclude Include="Materials\Shadow\DiffuseMaterial_Shadow_Skinned.h" />
    <ClInclude Include="Scenes\BombermanScene.h" />
    <ClInclude Include="Materials\Shadow\ColorMaterial_Shadow_Skinned.h" />
    <ClInclude Include="Materials\Shadow\ColorMaterial_Shadow.h" />
    <ClInclude Include="Bomberman\Grid.h" />
    <ClInclude Include="Bomberman\Bomb.h" />
    <ClInclude Include="Bomberman\Fire.h" />
    <ClInclude Include="Materials\Post\PostBlur.h" />
    <ClInclude Include="Materials\Post\PostChromaticAberration.h" />
    <ClInclude Include="Materials\Post\PostGrayscale.h" />
    <ClInclude Include="Bomberman\Cube.h" />
    <ClInclude Include="Bomberman\PickUp.h" />
    <ClInclude Include="Scenes\MainMenuScene.h" />
    <ClInclude Include="Bomberman\PlayerJoinIcon.h" />
    <ClInclude Include="Bomberman\PlayerGameIcon.h" />
    <ClInclude Include="Scenes\JoinMenuScene.h" />
    <ClInclude Include="Scenes\PauseScene.h" />
    <ClInclude Include="Scenes\EndScene.h" />
  </ItemGroup>
</Project>